
Microsoft Visual Studio Solution File, Format Version 12.00
# Visual Studio 15
VisualStudioVersion = 15.0.26730.3
MinimumVisualStudioVersion = 10.0.40219.1
Project("{9A19103F-16F7-4668-BE54-9A1E7A4F7556}") = "UsingAnalyzers", "UsingAnalyzers\UsingAnalyzers.csproj", "{65E5B669-4367-401E-82FE-3967A29B652E}"
EndProject
Global
	GlobalSection(SolutionConfigurationPlatforms) = preSolution
		Debug|Any CPU = Debug|Any CPU
		Release|Any CPU = Release|Any CPU
	EndGlobalSection
	GlobalSection(ProjectConfigurationPlatforms) = postSolution
		{65E5B669-4367-401E-82FE-3967A29B652E}.Debug|Any CPU.ActiveCfg = Debug|Any CPU
		{65E5B669-4367-401E-82FE-3967A29B652E}.Debug|Any CPU.Build.0 = Debug|Any CPU
		{65E5B669-4367-401E-82FE-3967A29B652E}.Release|Any CPU.ActiveCfg = Release|Any CPU
		{65E5B669-4367-401E-82FE-3967A29B652E}.Release|Any CPU.Build.0 = Release|Any CPU
	EndGlobalSection
	GlobalSection(SolutionProperties) = preSolution
		HideSolutionNode = FALSE
	EndGlobalSection
	GlobalSection(ExtensibilityGlobals) = postSolution
		SolutionGuid = {100B638C-4338-4BD6-9601-FFF46A6BA54A}
	EndGlobalSection
EndGlobal
